
Microsoft Visual Studio Solution File, Format Version 12.00
# Visual Studio 15
VisualStudioVersion = 15.0.28307.329
MinimumVisualStudioVersion = 10.0.40219.1
Project("{8BC9CEB8-8B4A-11D0-8D11-00A0C91BC942}") = "StrategyPattern", "StrategyPattern\StrategyPattern.vcxproj", "{E719CFBE-3FC2-4EF7-BF58-55A06AE6F857}"
EndProject
Project("{8BC9CEB8-8B4A-11D0-8D11-00A0C91BC942}") = "ObserverPattern.1.Before", "ObserverPattern.1.Before\ObserverPattern.1.Before.vcxproj", "{AE38528E-3BE0-4D1D-9AF5-6EE8AC93B8B9}"
EndProject
Project("{8BC9CEB8-8B4A-11D0-8D11-00A0C91BC942}") = "ObserverPattern.1.After", "ObserverPattern.1.After\ObserverPattern.1.After.vcxproj", "{302F896C-6274-45F9-AD3B-D8C3AE0B1ADF}"
EndProject
Project("{8BC9CEB8-8B4A-11D0-8D11-00A0C91BC942}") = "DecoratorPattern.1.Before", "DecoratorPattern.1.Before\DecoratorPattern.1.Before.vcxproj", "{55568CDD-9D36-4444-B5A8-46B545009AD2}"
EndProject
Project("{8BC9CEB8-8B4A-11D0-8D11-00A0C91BC942}") = "DecoratorPattern.1.After", "DecoratorPattern.1.After\DecoratorPattern.1.After.vcxproj", "{6013B7CA-54D5-44AC-B7C1-BA18FB5FA87B}"
EndProject
Project("{8BC9CEB8-8B4A-11D0-8D11-00A0C91BC942}") = "FactoryPattern.1.Before", "FactoryPattern.1.Before\FactoryPattern.1.Before.vcxproj", "{DA3076BA-C185-474C-AE40-B4E893E8E369}"
EndProject
Project("{8BC9CEB8-8B4A-11D0-8D11-00A0C91BC942}") = "FactoryPattern.1.After", "FactoryPattern.1.After\FactoryPattern.1.After.vcxproj", "{2E1A2127-63DE-47D3-BF08-0E4BD48E7394}"
EndProject
Global
	GlobalSection(SolutionConfigurationPlatforms) = preSolution
		Debug|x64 = Debug|x64
		Debug|x86 = Debug|x86
		Release|x64 = Release|x64
		Release|x86 = Release|x86
	EndGlobalSection
	GlobalSection(ProjectConfigurationPlatforms) = postSolution
		{E719CFBE-3FC2-4EF7-BF58-55A06AE6F857}.Debug|x64.ActiveCfg = Debug|x64
		{E719CFBE-3FC2-4EF7-BF58-55A06AE6F857}.Debug|x64.Build.0 = Debug|x64
		{E719CFBE-3FC2-4EF7-BF58-55A06AE6F857}.Debug|x86.ActiveCfg = Debug|Win32
		{E719CFBE-3FC2-4EF7-BF58-55A06AE6F857}.Debug|x86.Build.0 = Debug|Win32
		{E719CFBE-3FC2-4EF7-BF58-55A06AE6F857}.Release|x64.ActiveCfg = Release|x64
		{E719CFBE-3FC2-4EF7-BF58-55A06AE6F857}.Release|x64.Build.0 = Release|x64
		{E719CFBE-3FC2-4EF7-BF58-55A06AE6F857}.Release|x86.ActiveCfg = Release|Win32
		{E719CFBE-3FC2-4EF7-BF58-55A06AE6F857}.Release|x86.Build.0 = Release|Win32
		{AE38528E-3BE0-4D1D-9AF5-6EE8AC93B8B9}.Debug|x64.ActiveCfg = Debug|x64
		{AE38528E-3BE0-4D1D-9AF5-6EE8AC93B8B9}.Debug|x64.Build.0 = Debug|x64
		{AE38528E-3BE0-4D1D-9AF5-6EE8AC93B8B9}.Debug|x86.ActiveCfg = Debug|Win32
		{AE38528E-3BE0-4D1D-9AF5-6EE8AC93B8B9}.Debug|x86.Build.0 = Debug|Win32
		{AE38528E-3BE0-4D1D-9AF5-6EE8AC93B8B9}.Release|x64.ActiveCfg = Release|x64
		{AE38528E-3BE0-4D1D-9AF5-6EE8AC93B8B9}.Release|x64.Build.0 = Release|x64
		{AE38528E-3BE0-4D1D-9AF5-6EE8AC93B8B9}.Release|x86.ActiveCfg = Release|Win32
		{AE38528E-3BE0-4D1D-9AF5-6EE8AC93B8B9}.Release|x86.Build.0 = Release|Win32
		{302F896C-6274-45F9-AD3B-D8C3AE0B1ADF}.Debug|x64.ActiveCfg = Debug|x64
		{302F896C-6274-45F9-AD3B-D8C3AE0B1ADF}.Debug|x64.Build.0 = Debug|x64
		{302F896C-6274-45F9-AD3B-D8C3AE0B1ADF}.Debug|x86.ActiveCfg = Debug|Win32
		{302F896C-6274-45F9-AD3B-D8C3AE0B1ADF}.Debug|x86.Build.0 = Debug|Win32
		{302F896C-6274-45F9-AD3B-D8C3AE0B1ADF}.Release|x64.ActiveCfg = Release|x64
		{302F896C-6274-45F9-AD3B-D8C3AE0B1ADF}.Release|x64.Build.0 = Release|x64
		{302F896C-6274-45F9-AD3B-D8C3AE0B1ADF}.Release|x86.ActiveCfg = Release|Win32
		{302F896C-6274-45F9-AD3B-D8C3AE0B1ADF}.Release|x86.Build.0 = Release|Win32
		{55568CDD-9D36-4444-B5A8-46B545009AD2}.Debug|x64.ActiveCfg = Debug|x64
		{55568CDD-9D36-4444-B5A8-46B545009AD2}.Debug|x64.Build.0 = Debug|x64
		{55568CDD-9D36-4444-B5A8-46B545009AD2}.Debug|x86.ActiveCfg = Debug|Win32
		{55568CDD-9D36-4444-B5A8-46B545009AD2}.Debug|x86.Build.0 = Debug|Win32
		{55568CDD-9D36-4444-B5A8-46B545009AD2}.Release|x64.ActiveCfg = Release|x64
		{55568CDD-9D36-4444-B5A8-46B545009AD2}.Release|x64.Build.0 = Release|x64
		{55568CDD-9D36-4444-B5A8-46B545009AD2}.Release|x86.ActiveCfg = Release|Win32
		{55568CDD-9D36-4444-B5A8-46B545009AD2}.Release|x86.Build.0 = Release|Win32
		{6013B7CA-54D5-44AC-B7C1-BA18FB5FA87B}.Debug|x64.ActiveCfg = Debug|x64
		{6013B7CA-54D5-44AC-B7C1-BA18FB5FA87B}.Debug|x64.Build.0 = Debug|x64
		{6013B7CA-54D5-44AC-B7C1-BA18FB5FA87B}.Debug|x86.ActiveCfg = Debug|Win32
		{6013B7CA-54D5-44AC-B7C1-BA18FB5FA87B}.Debug|x86.Build.0 = Debug|Win32
		{6013B7CA-54D5-44AC-B7C1-BA18FB5FA87B}.Release|x64.ActiveCfg = Release|x64
		{6013B7CA-54D5-44AC-B7C1-BA18FB5FA87B}.Release|x64.Build.0 = Release|x64
		{6013B7CA-54D5-44AC-B7C1-BA18FB5FA87B}.Release|x86.ActiveCfg = Release|Win32
		{6013B7CA-54D5-44AC-B7C1-BA18FB5FA87B}.Release|x86.Build.0 = Release|Win32
		{DA3076BA-C185-474C-AE40-B4E893E8E369}.Debug|x64.ActiveCfg = Debug|x64
		{DA3076BA-C185-474C-AE40-B4E893E8E369}.Debug|x64.Build.0 = Debug|x64
		{DA3076BA-C185-474C-AE40-B4E893E8E369}.Debug|x86.ActiveCfg = Debug|Win32
		{DA3076BA-C185-474C-AE40-B4E893E8E369}.Debug|x86.Build.0 = Debug|Win32
		{DA3076BA-C185-474C-AE40-B4E893E8E369}.Release|x64.ActiveCfg = Release|x64
		{DA3076BA-C185-474C-AE40-B4E893E8E369}.Release|x64.Build.0 = Release|x64
		{DA3076BA-C185-474C-AE40-B4E893E8E369}.Release|x86.ActiveCfg = Release|Win32
		{DA3076BA-C185-474C-AE40-B4E893E8E369}.Release|x86.Build.0 = Release|Win32
		{2E1A2127-63DE-47D3-BF08-0E4BD48E7394}.Debug|x64.ActiveCfg = Debug|x64
		{2E1A2127-63DE-47D3-BF08-0E4BD48E7394}.Debug|x64.Build.0 = Debug|x64
		{2E1A2127-63DE-47D3-BF08-0E4BD48E7394}.Debug|x86.ActiveCfg = Debug|Win32
		{2E1A2127-63DE-47D3-BF08-0E4BD48E7394}.Debug|x86.Build.0 = Debug|Win32
		{2E1A2127-63DE-47D3-BF08-0E4BD48E7394}.Release|x64.ActiveCfg = Release|x64
		{2E1A2127-63DE-47D3-BF08-0E4BD48E7394}.Release|x64.Build.0 = Release|x64
		{2E1A2127-63DE-47D3-BF08-0E4BD48E7394}.Release|x86.ActiveCfg = Release|Win32
		{2E1A2127-63DE-47D3-BF08-0E4BD48E7394}.Release|x86.Build.0 = Release|Win32
	EndGlobalSection
	GlobalSection(SolutionProperties) = preSolution
		HideSolutionNode = FALSE
	EndGlobalSection
	GlobalSection(ExtensibilityGlobals) = postSolution
		SolutionGuid = {D4142308-9CE5-4D24-AE34-D3C013D53A8B}
	EndGlobalSection
EndGlobal
